
Microsoft Visual Studio Solution File, Format Version 12.00
# Visual Studio Version 17
VisualStudioVersion = 17.8.34511.84
MinimumVisualStudioVersion = 10.0.40219.1
Project("{9A19103F-16F7-4668-BE54-9A1E7A4F7556}") = "BackendWEB", "BackendWEB\BackendWEB.csproj", "{21FE6E76-E66D-46EA-9B5D-ECEE8B30DEA1}"
EndProject
Project("{E53339B2-1760-4266-BCC7-CA923CBCF16C}") = "docker-compose", "docker-compose.dcproj", "{F711B1DC-B26B-42D4-9B82-CC42FE2D4AAF}"
EndProject
Global
	GlobalSection(SolutionConfigurationPlatforms) = preSolution
		Debug|Any CPU = Debug|Any CPU
		Release|Any CPU = Release|Any CPU
	EndGlobalSection
	GlobalSection(ProjectConfigurationPlatforms) = postSolution
		{21FE6E76-E66D-46EA-9B5D-ECEE8B30DEA1}.Debug|Any CPU.ActiveCfg = Debug|Any CPU
		{21FE6E76-E66D-46EA-9B5D-ECEE8B30DEA1}.Debug|Any CPU.Build.0 = Debug|Any CPU
		{21FE6E76-E66D-46EA-9B5D-ECEE8B30DEA1}.Release|Any CPU.ActiveCfg = Release|Any CPU
		{21FE6E76-E66D-46EA-9B5D-ECEE8B30DEA1}.Release|Any CPU.Build.0 = Release|Any CPU
		{F711B1DC-B26B-42D4-9B82-CC42FE2D4AAF}.Debug|Any CPU.ActiveCfg = Debug|Any CPU
		{F711B1DC-B26B-42D4-9B82-CC42FE2D4AAF}.Debug|Any CPU.Build.0 = Debug|Any CPU
		{F711B1DC-B26B-42D4-9B82-CC42FE2D4AAF}.Release|Any CPU.ActiveCfg = Release|Any CPU
		{F711B1DC-B26B-42D4-9B82-CC42FE2D4AAF}.Release|Any CPU.Build.0 = Release|Any CPU
	EndGlobalSection
	GlobalSection(SolutionProperties) = preSolution
		HideSolutionNode = FALSE
	EndGlobalSection
	GlobalSection(ExtensibilityGlobals) = postSolution
		SolutionGuid = {F37BDB88-53C9-4244-B434-FC1869C0CF11}
	EndGlobalSection
EndGlobal
