
Microsoft Visual Studio Solution File, Format Version 12.00
# Visual Studio Version 17
VisualStudioVersion = 17.5.002.0
MinimumVisualStudioVersion = 10.0.40219.1
Project("{9A19103F-16F7-4668-BE54-9A1E7A4F7556}") = "BackendWEB", "BackendWEB.csproj", "{19BB9E5B-A4EE-42A4-8470-A4560812313E}"
EndProject
Global
	GlobalSection(SolutionConfigurationPlatforms) = preSolution
		Debug|Any CPU = Debug|Any CPU
		Release|Any CPU = Release|Any CPU
	EndGlobalSection
	GlobalSection(ProjectConfigurationPlatforms) = postSolution
		{19BB9E5B-A4EE-42A4-8470-A4560812313E}.Debug|Any CPU.ActiveCfg = Debug|Any CPU
		{19BB9E5B-A4EE-42A4-8470-A4560812313E}.Debug|Any CPU.Build.0 = Debug|Any CPU
		{19BB9E5B-A4EE-42A4-8470-A4560812313E}.Release|Any CPU.ActiveCfg = Release|Any CPU
		{19BB9E5B-A4EE-42A4-8470-A4560812313E}.Release|Any CPU.Build.0 = Release|Any CPU
	EndGlobalSection
	GlobalSection(SolutionProperties) = preSolution
		HideSolutionNode = FALSE
	EndGlobalSection
	GlobalSection(ExtensibilityGlobals) = postSolution
		SolutionGuid = {C6E73206-034F-4D3F-A063-9A57BA88B2A0}
	EndGlobalSection
EndGlobal
